
Microsoft Visual Studio Solution File, Format Version 12.00
# Visual Studio Version 16
VisualStudioVersion = 16.0.30114.105
MinimumVisualStudioVersion = 10.0.40219.1
Project("{FAE04EC0-301F-11D3-BF4B-00C04F79EFBC}") = "ConsoleInterface", "ConsoleInterface\ConsoleInterface.csproj", "{7051AF93-3879-458E-B4DB-98246B74AC1D}"
EndProject
Project("{FAE04EC0-301F-11D3-BF4B-00C04F79EFBC}") = "QueuingSystemLibraries", "QueuingSystemLibraries\QueuingSystemLibraries.csproj", "{4BB15DBE-9961-483B-80D4-19F943410927}"
EndProject
Project("{FAE04EC0-301F-11D3-BF4B-00C04F79EFBC}") = "Test_QueuingSystem", "Test_QueuingSystem\Test_QueuingSystem.csproj", "{49F29F32-A6F9-40D1-B00F-3058A38CBE8F}"
EndProject
Global
	GlobalSection(SolutionConfigurationPlatforms) = preSolution
		Debug|Any CPU = Debug|Any CPU
		Debug|x64 = Debug|x64
		Debug|x86 = Debug|x86
		Release|Any CPU = Release|Any CPU
		Release|x64 = Release|x64
		Release|x86 = Release|x86
	EndGlobalSection
	GlobalSection(SolutionProperties) = preSolution
		HideSolutionNode = FALSE
	EndGlobalSection
	GlobalSection(ProjectConfigurationPlatforms) = postSolution
		{7051AF93-3879-458E-B4DB-98246B74AC1D}.Debug|Any CPU.ActiveCfg = Debug|Any CPU
		{7051AF93-3879-458E-B4DB-98246B74AC1D}.Debug|Any CPU.Build.0 = Debug|Any CPU
		{7051AF93-3879-458E-B4DB-98246B74AC1D}.Debug|x64.ActiveCfg = Debug|Any CPU
		{7051AF93-3879-458E-B4DB-98246B74AC1D}.Debug|x64.Build.0 = Debug|Any CPU
		{7051AF93-3879-458E-B4DB-98246B74AC1D}.Debug|x86.ActiveCfg = Debug|Any CPU
		{7051AF93-3879-458E-B4DB-98246B74AC1D}.Debug|x86.Build.0 = Debug|Any CPU
		{7051AF93-3879-458E-B4DB-98246B74AC1D}.Release|Any CPU.ActiveCfg = Release|Any CPU
		{7051AF93-3879-458E-B4DB-98246B74AC1D}.Release|Any CPU.Build.0 = Release|Any CPU
		{7051AF93-3879-458E-B4DB-98246B74AC1D}.Release|x64.ActiveCfg = Release|Any CPU
		{7051AF93-3879-458E-B4DB-98246B74AC1D}.Release|x64.Build.0 = Release|Any CPU
		{7051AF93-3879-458E-B4DB-98246B74AC1D}.Release|x86.ActiveCfg = Release|Any CPU
		{7051AF93-3879-458E-B4DB-98246B74AC1D}.Release|x86.Build.0 = Release|Any CPU
		{4BB15DBE-9961-483B-80D4-19F943410927}.Debug|Any CPU.ActiveCfg = Debug|Any CPU
		{4BB15DBE-9961-483B-80D4-19F943410927}.Debug|Any CPU.Build.0 = Debug|Any CPU
		{4BB15DBE-9961-483B-80D4-19F943410927}.Debug|x64.ActiveCfg = Debug|Any CPU
		{4BB15DBE-9961-483B-80D4-19F943410927}.Debug|x64.Build.0 = Debug|Any CPU
		{4BB15DBE-9961-483B-80D4-19F943410927}.Debug|x86.ActiveCfg = Debug|Any CPU
		{4BB15DBE-9961-483B-80D4-19F943410927}.Debug|x86.Build.0 = Debug|Any CPU
		{4BB15DBE-9961-483B-80D4-19F943410927}.Release|Any CPU.ActiveCfg = Release|Any CPU
		{4BB15DBE-9961-483B-80D4-19F943410927}.Release|Any CPU.Build.0 = Release|Any CPU
		{4BB15DBE-9961-483B-80D4-19F943410927}.Release|x64.ActiveCfg = Release|Any CPU
		{4BB15DBE-9961-483B-80D4-19F943410927}.Release|x64.Build.0 = Release|Any CPU
		{4BB15DBE-9961-483B-80D4-19F943410927}.Release|x86.ActiveCfg = Release|Any CPU
		{4BB15DBE-9961-483B-80D4-19F943410927}.Release|x86.Build.0 = Release|Any CPU
		{49F29F32-A6F9-40D1-B00F-3058A38CBE8F}.Debug|Any CPU.ActiveCfg = Debug|Any CPU
		{49F29F32-A6F9-40D1-B00F-3058A38CBE8F}.Debug|Any CPU.Build.0 = Debug|Any CPU
		{49F29F32-A6F9-40D1-B00F-3058A38CBE8F}.Debug|x64.ActiveCfg = Debug|Any CPU
		{49F29F32-A6F9-40D1-B00F-3058A38CBE8F}.Debug|x64.Build.0 = Debug|Any CPU
		{49F29F32-A6F9-40D1-B00F-3058A38CBE8F}.Debug|x86.ActiveCfg = Debug|Any CPU
		{49F29F32-A6F9-40D1-B00F-3058A38CBE8F}.Debug|x86.Build.0 = Debug|Any CPU
		{49F29F32-A6F9-40D1-B00F-3058A38CBE8F}.Release|Any CPU.ActiveCfg = Release|Any CPU
		{49F29F32-A6F9-40D1-B00F-3058A38CBE8F}.Release|Any CPU.Build.0 = Release|Any CPU
		{49F29F32-A6F9-40D1-B00F-3058A38CBE8F}.Release|x64.ActiveCfg = Release|Any CPU
		{49F29F32-A6F9-40D1-B00F-3058A38CBE8F}.Release|x64.Build.0 = Release|Any CPU
		{49F29F32-A6F9-40D1-B00F-3058A38CBE8F}.Release|x86.ActiveCfg = Release|Any CPU
		{49F29F32-A6F9-40D1-B00F-3058A38CBE8F}.Release|x86.Build.0 = Release|Any CPU
	EndGlobalSection
EndGlobal
